
Microsoft Visual Studio Solution File, Format Version 12.00
Project("{FAE04EC0-301F-11D3-BF4B-00C04F79EFBC}") = "bookshop", "bookshop\bookshop.csproj", "{FA03A2A8-0930-4D8B-81B5-ACF0C0DFF568}"
EndProject
Global
	GlobalSection(SolutionConfigurationPlatforms) = preSolution
		Debug|Any CPU = Debug|Any CPU
		Release|Any CPU = Release|Any CPU
	EndGlobalSection
	GlobalSection(ProjectConfigurationPlatforms) = postSolution
		{FA03A2A8-0930-4D8B-81B5-ACF0C0DFF568}.Debug|Any CPU.ActiveCfg = Debug|Any CPU
		{FA03A2A8-0930-4D8B-81B5-ACF0C0DFF568}.Debug|Any CPU.Build.0 = Debug|Any CPU
		{FA03A2A8-0930-4D8B-81B5-ACF0C0DFF568}.Release|Any CPU.ActiveCfg = Release|Any CPU
		{FA03A2A8-0930-4D8B-81B5-ACF0C0DFF568}.Release|Any CPU.Build.0 = Release|Any CPU
	EndGlobalSection
EndGlobal
